
Microsoft Visual Studio Solution File, Format Version 12.00
# Visual Studio 15
VisualStudioVersion = 15.0.27428.2043
MinimumVisualStudioVersion = 10.0.40219.1
Project("{FAE04EC0-301F-11D3-BF4B-00C04F79EFBC}") = "LINQ_01", "LINQ\LINQ_01.csproj", "{935AA6F5-E00D-4499-9DBB-F1E229BB9924}"
EndProject
Project("{FAE04EC0-301F-11D3-BF4B-00C04F79EFBC}") = "LINQ_02", "LINQ_02\LINQ_02.csproj", "{2FEE7740-54BD-4740-94DD-5C290238E008}"
EndProject
Project("{FAE04EC0-301F-11D3-BF4B-00C04F79EFBC}") = "LINQ_03_OBJ", "LINQ_03_OBJ\LINQ_03_OBJ.csproj", "{6929C2E2-151A-47F7-A7CD-E9DAC0391E53}"
EndProject
Project("{FAE04EC0-301F-11D3-BF4B-00C04F79EFBC}") = "LINQ_04_JOIN", "LINQ_04_JOIN\LINQ_04_JOIN.csproj", "{3C9C390D-5A1D-4EBE-AD71-78225FC792F8}"
EndProject
Global
	GlobalSection(SolutionConfigurationPlatforms) = preSolution
		Debug|Any CPU = Debug|Any CPU
		Release|Any CPU = Release|Any CPU
	EndGlobalSection
	GlobalSection(ProjectConfigurationPlatforms) = postSolution
		{935AA6F5-E00D-4499-9DBB-F1E229BB9924}.Debug|Any CPU.ActiveCfg = Debug|Any CPU
		{935AA6F5-E00D-4499-9DBB-F1E229BB9924}.Debug|Any CPU.Build.0 = Debug|Any CPU
		{935AA6F5-E00D-4499-9DBB-F1E229BB9924}.Release|Any CPU.ActiveCfg = Release|Any CPU
		{935AA6F5-E00D-4499-9DBB-F1E229BB9924}.Release|Any CPU.Build.0 = Release|Any CPU
		{2FEE7740-54BD-4740-94DD-5C290238E008}.Debug|Any CPU.ActiveCfg = Debug|Any CPU
		{2FEE7740-54BD-4740-94DD-5C290238E008}.Debug|Any CPU.Build.0 = Debug|Any CPU
		{2FEE7740-54BD-4740-94DD-5C290238E008}.Release|Any CPU.ActiveCfg = Release|Any CPU
		{2FEE7740-54BD-4740-94DD-5C290238E008}.Release|Any CPU.Build.0 = Release|Any CPU
		{6929C2E2-151A-47F7-A7CD-E9DAC0391E53}.Debug|Any CPU.ActiveCfg = Debug|Any CPU
		{6929C2E2-151A-47F7-A7CD-E9DAC0391E53}.Debug|Any CPU.Build.0 = Debug|Any CPU
		{6929C2E2-151A-47F7-A7CD-E9DAC0391E53}.Release|Any CPU.ActiveCfg = Release|Any CPU
		{6929C2E2-151A-47F7-A7CD-E9DAC0391E53}.Release|Any CPU.Build.0 = Release|Any CPU
		{3C9C390D-5A1D-4EBE-AD71-78225FC792F8}.Debug|Any CPU.ActiveCfg = Debug|Any CPU
		{3C9C390D-5A1D-4EBE-AD71-78225FC792F8}.Debug|Any CPU.Build.0 = Debug|Any CPU
		{3C9C390D-5A1D-4EBE-AD71-78225FC792F8}.Release|Any CPU.ActiveCfg = Release|Any CPU
		{3C9C390D-5A1D-4EBE-AD71-78225FC792F8}.Release|Any CPU.Build.0 = Release|Any CPU
	EndGlobalSection
	GlobalSection(SolutionProperties) = preSolution
		HideSolutionNode = FALSE
	EndGlobalSection
	GlobalSection(ExtensibilityGlobals) = postSolution
		SolutionGuid = {86E91BF7-7081-483D-AE1C-A918BA91B29B}
	EndGlobalSection
EndGlobal
